
Microsoft Visual Studio Solution File, Format Version 12.00
# Visual Studio Version 16
VisualStudioVersion = 16.0.31005.135
MinimumVisualStudioVersion = 10.0.40219.1
Project("{FAE04EC0-301F-11D3-BF4B-00C04F79EFBC}") = "MockLib", "MockLib\MockLib.csproj", "{8CA4166C-530B-4763-9A3A-18AB0AFB1B1A}"
EndProject
Project("{FAE04EC0-301F-11D3-BF4B-00C04F79EFBC}") = "MockLib.Tests.Unit", "MockLib.Tests.Unit\MockLib.Tests.Unit.csproj", "{10D012C0-2D04-472C-97CC-3A73D4B4D55B}"
EndProject
Global
	GlobalSection(SolutionConfigurationPlatforms) = preSolution
		Debug|Any CPU = Debug|Any CPU
		Release|Any CPU = Release|Any CPU
	EndGlobalSection
	GlobalSection(ProjectConfigurationPlatforms) = postSolution
		{8CA4166C-530B-4763-9A3A-18AB0AFB1B1A}.Debug|Any CPU.ActiveCfg = Debug|Any CPU
		{8CA4166C-530B-4763-9A3A-18AB0AFB1B1A}.Debug|Any CPU.Build.0 = Debug|Any CPU
		{8CA4166C-530B-4763-9A3A-18AB0AFB1B1A}.Release|Any CPU.ActiveCfg = Release|Any CPU
		{8CA4166C-530B-4763-9A3A-18AB0AFB1B1A}.Release|Any CPU.Build.0 = Release|Any CPU
		{10D012C0-2D04-472C-97CC-3A73D4B4D55B}.Debug|Any CPU.ActiveCfg = Debug|Any CPU
		{10D012C0-2D04-472C-97CC-3A73D4B4D55B}.Debug|Any CPU.Build.0 = Debug|Any CPU
		{10D012C0-2D04-472C-97CC-3A73D4B4D55B}.Release|Any CPU.ActiveCfg = Release|Any CPU
		{10D012C0-2D04-472C-97CC-3A73D4B4D55B}.Release|Any CPU.Build.0 = Release|Any CPU
	EndGlobalSection
	GlobalSection(SolutionProperties) = preSolution
		HideSolutionNode = FALSE
	EndGlobalSection
	GlobalSection(ExtensibilityGlobals) = postSolution
		SolutionGuid = {3A38A94F-D627-4356-B08D-E3017359E0F4}
	EndGlobalSection
EndGlobal
